# generated by rye
# use `rye lock` or `rye sync` to update this lockfile
#
# last locked with the following flags:
#   pre: false
#   features: []
#   all-features: false
#   with-sources: false
#   generate-hashes: false
#   universal: false

-e file:.
certifi==2025.1.31
    # via requests
charset-normalizer==3.4.1
    # via requests
click==8.1.8
    # via flask
    # via munge
    # via vodka
confu==1.9.0
    # via vaping
docutils==0.21
    # via vaping
flask==2.1.3
    # via graphsrv
    # via vaping
graphsrv==2.1.1
    # via run-vaping
idna==3.10
    # via requests
importlib-metadata==8.6.1
    # via pluginmgr
itsdangerous==2.2.0
    # via flask
jinja2==3.1.5
    # via flask
    # via graphsrv
lockfile==0.12.2
    # via python-daemon
markupsafe==3.0.2
    # via jinja2
munge==1.3.0
    # via confu
    # via pluginmgr
    # via vaping
    # via vodka
pid==3.0.4
    # via vaping
pluginmgr==1.2.1
    # via vaping
    # via vodka
python-daemon==3.1.2
    # via vaping
pyyaml==6.0.2
    # via munge
requests==2.32.3
    # via munge
tmpl==1.1.0
    # via vodka
tomlkit==0.13.2
    # via munge
urllib3==2.3.0
    # via requests
vaping==1.5.4
    # via run-vaping
vodka==3.2.0
    # via graphsrv
    # via run-vaping
werkzeug==2.0.3
    # via flask
    # via vaping
zipp==3.21.0
    # via importlib-metadata
